{
  "name": "slack-dispatcher-service",
  "version": "1.0.0",
  "lockfileVersion": 1,
  "requires": true,
  "dependencies": {
    "@types/node": {
      "version": "11.13.17",
      "resolved": "https://registry.npmjs.org/@types/node/-/node-11.13.17.tgz",
      "integrity": "sha512-7W3kSMa8diVH6s24a8Qrmvwu+vG3ahOC/flMHFdWSdnPYoQI0yPO84h5zOWYXAha2Npn3Pw3SSuQSwBUfaniyQ=="
    },
    "@types/underscore": {
      "version": "1.8.13",
      "resolved": "https://registry.npmjs.org/@types/underscore/-/underscore-1.8.13.tgz",
      "integrity": "sha512-2YEdDHTYAv3YmSoQofzFnlWYDAAtMtVcQ0lOHoURuCt1aT9OgxhhjRRU1WVAiLchNWM7B3a8/iomxenfr9TwKA=="
    },
    "arg": {
      "version": "4.1.0",
      "resolved": "https://registry.npmjs.org/arg/-/arg-4.1.0.tgz",
      "integrity": "sha512-ZWc51jO3qegGkVh8Hwpv636EkbesNV5ZNQPCtRa+0qytRYPEs9IYT9qITY9buezqUH5uqyzlWLcufrzU2rffdg==",
      "dev": true
    },
    "argparse": {
      "version": "1.0.10",
      "resolved": "https://registry.npmjs.org/argparse/-/argparse-1.0.10.tgz",
      "integrity": "sha512-o5Roy6tNG4SL/FOkCAN6RzjiakZS25RLYFrcMttJqbdd8BWrnA+fGz57iN5Pb06pvBGvl5gQ0B48dJlslXvoTg==",
      "dev": true,
      "requires": {
        "sprintf-js": "~1.0.2"
      }
    },
    "array-move": {
      "version": "2.1.0",
      "resolved": "https://registry.npmjs.org/array-move/-/array-move-2.1.0.tgz",
      "integrity": "sha512-BXEIud+F7/ech2HcSfo+6bpgSCRlNnVTqQhGKdMov9iJkHq+vu9IP9qRXDpZvQpc1WWpDLiEfjs6Lfvvac+fDA=="
    },
    "array-union": {
      "version": "1.0.2",
      "resolved": "https://registry.npmjs.org/array-union/-/array-union-1.0.2.tgz",
      "integrity": "sha1-mjRBDk9OPaI96jdb5b5w8kd47Dk=",
      "dev": true,
      "requires": {
        "array-uniq": "^1.0.1"
      }
    },
    "array-uniq": {
      "version": "1.0.3",
      "resolved": "https://registry.npmjs.org/array-uniq/-/array-uniq-1.0.3.tgz",
      "integrity": "sha1-r2rId6Jcx/dOBYiUdThY39sk/bY=",
      "dev": true
    },
    "asynckit": {
      "version": "0.4.0",
      "resolved": "https://registry.npmjs.org/asynckit/-/asynckit-0.4.0.tgz",
      "integrity": "sha1-x57Zf380y48robyXkLzDZkdLS3k="
    },
    "aws-sdk": {
      "version": "2.361.0",
      "resolved": "https://registry.npmjs.org/aws-sdk/-/aws-sdk-2.361.0.tgz",
      "integrity": "sha512-dS6R7Ox5IKe1fpNAymaQSumLri6Eq7Gl4qgY4++cbARhMnqCes8f2jpoctlgJB+oZKiZITj2G9bHh5OIKRMlzA==",
      "dev": true,
      "requires": {
        "buffer": "4.9.1",
        "events": "1.1.1",
        "ieee754": "1.1.8",
        "jmespath": "0.15.0",
        "querystring": "0.2.0",
        "sax": "1.2.1",
        "url": "0.10.3",
        "uuid": "3.1.0",
        "xml2js": "0.4.19"
      }
    },
    "axios": {
      "version": "0.19.0",
      "resolved": "https://registry.npmjs.org/axios/-/axios-0.19.0.tgz",
      "integrity": "sha512-1uvKqKQta3KBxIz14F2v06AEHZ/dIoeKfbTRkK1E5oqjDnuEerLmYTgJB5AiQZHJcljpg1TuRzdjDR06qNk0DQ==",
      "requires": {
        "follow-redirects": "1.5.10",
        "is-buffer": "^2.0.2"
      }
    },
    "balanced-match": {
      "version": "1.0.0",
      "resolved": "https://registry.npmjs.org/balanced-match/-/balanced-match-1.0.0.tgz",
      "integrity": "sha1-ibTRmasr7kneFk6gK4nORi1xt2c=",
      "dev": true
    },
    "base64-js": {
      "version": "1.3.0",
      "resolved": "https://registry.npmjs.org/base64-js/-/base64-js-1.3.0.tgz",
      "integrity": "sha512-ccav/yGvoa80BQDljCxsmmQ3Xvx60/UpBIij5QN21W3wBi/hhIC9OoO+KLpu9IJTS9j4DRVJ3aDDF9cMSoa2lw==",
      "dev": true
    },
    "brace-expansion": {
      "version": "1.1.11",
      "resolved": "https://registry.npmjs.org/brace-expansion/-/brace-expansion-1.1.11.tgz",
      "integrity": "sha512-iCuPHDFgrHX7H2vEI/5xpz07zSHB00TpugqhmYtVmMO6518mCuRMoOYFldEBl0g187ufozdaHgWKcYFb61qGiA==",
      "dev": true,
      "requires": {
        "balanced-match": "^1.0.0",
        "concat-map": "0.0.1"
      }
    },
    "buffer": {
      "version": "4.9.1",
      "resolved": "http://registry.npmjs.org/buffer/-/buffer-4.9.1.tgz",
      "integrity": "sha1-bRu2AbB6TvztlwlBMgkwJ8lbwpg=",
      "dev": true,
      "requires": {
        "base64-js": "^1.0.2",
        "ieee754": "^1.1.4",
        "isarray": "^1.0.0"
      }
    },
    "buffer-from": {
      "version": "1.1.1",
      "resolved": "https://registry.npmjs.org/buffer-from/-/buffer-from-1.1.1.tgz",
      "integrity": "sha512-MQcXEUbCKtEo7bhqEs6560Hyd4XaovZlO/k9V3hjVUF/zwW7KBVdSK4gIt/bzwS9MbR5qob+F5jusZsb0YQK2A==",
      "dev": true
    },
    "combined-stream": {
      "version": "1.0.7",
      "resolved": "https://registry.npmjs.org/combined-stream/-/combined-stream-1.0.7.tgz",
      "integrity": "sha512-brWl9y6vOB1xYPZcpZde3N9zDByXTosAeMDo4p1wzo6UMOX4vumB+TP1RZ76sfE6Md68Q0NJSrE/gbezd4Ul+w==",
      "requires": {
        "delayed-stream": "~1.0.0"
      }
    },
    "concat-map": {
      "version": "0.0.1",
      "resolved": "https://registry.npmjs.org/concat-map/-/concat-map-0.0.1.tgz",
      "integrity": "sha1-2Klr13/Wjfd5OnMDajug1UBdR3s=",
      "dev": true
    },
    "cron-converter": {
      "version": "0.0.12",
      "resolved": "https://registry.npmjs.org/cron-converter/-/cron-converter-0.0.12.tgz",
      "integrity": "sha512-JXVOF2i5AyoNoXiDpAMwSezdfP6ycQmClpQjbDEqhlVZNNFTXzd7tgn9Tl2wRm8131lYY+zcvk1yBoMj0eExlQ==",
      "dev": true,
      "requires": {
        "moment-timezone": "~0.5",
        "sprintf-js": "~1"
      }
    },
    "decode-html": {
      "version": "2.0.0",
      "resolved": "https://registry.npmjs.org/decode-html/-/decode-html-2.0.0.tgz",
      "integrity": "sha1-fQqIfORCgOYJeKcH67f4CB/WHqo="
    },
    "deep-equal": {
      "version": "1.0.1",
      "resolved": "https://registry.npmjs.org/deep-equal/-/deep-equal-1.0.1.tgz",
      "integrity": "sha1-9dJgKStmDghO/0zbyfCK0yR0SLU=",
      "dev": true
    },
    "delayed-stream": {
      "version": "1.0.0",
      "resolved": "https://registry.npmjs.org/delayed-stream/-/delayed-stream-1.0.0.tgz",
      "integrity": "sha1-3zrhmayt+31ECqrgsp4icrJOxhk="
    },
    "diff": {
      "version": "3.5.0",
      "resolved": "https://registry.npmjs.org/diff/-/diff-3.5.0.tgz",
      "integrity": "sha512-A46qtFgd+g7pDZinpnwiRJtxbC1hpgf0uzP3iG89scHk0AUC7A1TGxf5OiiOUv/JMZR8GOt8hL900hV0bOy5xA==",
      "dev": true
    },
    "dir-glob": {
      "version": "2.2.2",
      "resolved": "https://registry.npmjs.org/dir-glob/-/dir-glob-2.2.2.tgz",
      "integrity": "sha512-f9LBi5QWzIW3I6e//uxZoLBlUt9kcp66qo0sSCxL6YZKc75R1c4MFCoe/LaZiBGmgujvQdxc5Bn3QhfyvK5Hsw==",
      "dev": true,
      "requires": {
        "path-type": "^3.0.0"
      },
      "dependencies": {
        "path-type": {
          "version": "3.0.0",
          "resolved": "https://registry.npmjs.org/path-type/-/path-type-3.0.0.tgz",
          "integrity": "sha512-T2ZUsdZFHgA3u4e5PfPbjd7HDDpxPnQb5jN0SrDsjNSuVXHJqtwTnWqG0B1jZrgmJ/7lj1EmVIByWt1gxGkWvg==",
          "dev": true,
          "requires": {
            "pify": "^3.0.0"
          }
        }
      }
    },
    "events": {
      "version": "1.1.1",
      "resolved": "http://registry.npmjs.org/events/-/events-1.1.1.tgz",
      "integrity": "sha1-nr23Y1rQmccNzEwqH1AEKI6L2SQ=",
      "dev": true
    },
    "follow-redirects": {
      "version": "1.5.10",
      "resolved": "https://registry.npmjs.org/follow-redirects/-/follow-redirects-1.5.10.tgz",
      "integrity": "sha512-0V5l4Cizzvqt5D44aTXbFZz+FtyXV1vrDN6qrelxtfYQKW0KO0W2T/hkE8xvGa/540LkZlkaUjO4ailYTFtHVQ==",
      "requires": {
        "debug": "=3.1.0"
      },
      "dependencies": {
        "debug": {
          "version": "3.1.0",
          "resolved": "https://registry.npmjs.org/debug/-/debug-3.1.0.tgz",
          "integrity": "sha512-OX8XqP7/1a9cqkxYw2yXss15f26NKWBpDXQd0/uK/KPqdQhxbPa994hnzjcE2VqQpDslf55723cKPUOGSmMY3g==",
          "requires": {
            "ms": "2.0.0"
          }
        },
        "ms": {
          "version": "2.0.0",
          "resolved": "https://registry.npmjs.org/ms/-/ms-2.0.0.tgz",
          "integrity": "sha1-VgiurfwAvmwpAd9fmGF4jeDVl8g="
        }
      }
    },
    "form-data": {
      "version": "2.3.3",
      "resolved": "https://registry.npmjs.org/form-data/-/form-data-2.3.3.tgz",
      "integrity": "sha512-1lLKB2Mu3aGP1Q/2eCOx0fNbRMe7XdwktwOruhfqqd0rIJWwN4Dh+E3hrPSlDCXnSR7UtZ1N38rVXm+6+MEhJQ==",
      "requires": {
        "asynckit": "^0.4.0",
        "combined-stream": "^1.0.6",
        "mime-types": "^2.1.12"
      }
    },
    "fs-extra": {
      "version": "5.0.0",
      "resolved": "https://registry.npmjs.org/fs-extra/-/fs-extra-5.0.0.tgz",
      "integrity": "sha512-66Pm4RYbjzdyeuqudYqhFiNBbCIuI9kgRqLPSHIlXHidW8NIQtVdkM1yeZ4lXwuhbTETv3EUGMNHAAw6hiundQ==",
      "dev": true,
      "requires": {
        "graceful-fs": "^4.1.2",
        "jsonfile": "^4.0.0",
        "universalify": "^0.1.0"
      }
    },
    "fs.realpath": {
      "version": "1.0.0",
      "resolved": "https://registry.npmjs.org/fs.realpath/-/fs.realpath-1.0.0.tgz",
      "integrity": "sha1-FQStJSMVjKpA20onh8sBQRmU6k8=",
      "dev": true
    },
    "glob": {
      "version": "7.1.3",
      "resolved": "https://registry.npmjs.org/glob/-/glob-7.1.3.tgz",
      "integrity": "sha512-vcfuiIxogLV4DlGBHIUOwI0IbrJ8HWPc4MU7HzviGeNho/UJDfi6B5p3sHeWIQ0KGIU0Jpxi5ZHxemQfLkkAwQ==",
      "dev": true,
      "requires": {
        "fs.realpath": "^1.0.0",
        "inflight": "^1.0.4",
        "inherits": "2",
        "minimatch": "^3.0.4",
        "once": "^1.3.0",
        "path-is-absolute": "^1.0.0"
      }
    },
    "globby": {
      "version": "7.1.1",
      "resolved": "https://registry.npmjs.org/globby/-/globby-7.1.1.tgz",
      "integrity": "sha1-+yzP+UAfhgCUXfral0QMypcrhoA=",
      "dev": true,
      "requires": {
        "array-union": "^1.0.1",
        "dir-glob": "^2.0.0",
        "glob": "^7.1.2",
        "ignore": "^3.3.5",
        "pify": "^3.0.0",
        "slash": "^1.0.0"
      }
    },
    "graceful-fs": {
      "version": "4.1.15",
      "resolved": "https://registry.npmjs.org/graceful-fs/-/graceful-fs-4.1.15.tgz",
      "integrity": "sha512-6uHUhOPEBgQ24HM+r6b/QwWfZq+yiFcipKFrOFiBEnWdy5sdzYoi+pJeQaPI5qOLRFqWmAXUPQNsielzdLoecA==",
      "dev": true
    },
    "ieee754": {
      "version": "1.1.8",
      "resolved": "https://registry.npmjs.org/ieee754/-/ieee754-1.1.8.tgz",
      "integrity": "sha1-vjPUCsEO8ZJnAfbwii2G+/0a0+Q=",
      "dev": true
    },
    "ignore": {
      "version": "3.3.10",
      "resolved": "https://registry.npmjs.org/ignore/-/ignore-3.3.10.tgz",
      "integrity": "sha512-Pgs951kaMm5GXP7MOvxERINe3gsaVjUWFm+UZPSq9xYriQAksyhg0csnS0KXSNRD5NmNdapXEpjxG49+AKh/ug==",
      "dev": true
    },
    "inflight": {
      "version": "1.0.6",
      "resolved": "https://registry.npmjs.org/inflight/-/inflight-1.0.6.tgz",
      "integrity": "sha1-Sb1jMdfQLQwJvJEKEHW6gWW1bfk=",
      "dev": true,
      "requires": {
        "once": "^1.3.0",
        "wrappy": "1"
      }
    },
    "inherits": {
      "version": "2.0.3",
      "resolved": "https://registry.npmjs.org/inherits/-/inherits-2.0.3.tgz",
      "integrity": "sha1-Yzwsg+PaQqUC9SRmAiSA9CCCYd4=",
      "dev": true
    },
    "is-buffer": {
      "version": "2.0.3",
      "resolved": "https://registry.npmjs.org/is-buffer/-/is-buffer-2.0.3.tgz",
      "integrity": "sha512-U15Q7MXTuZlrbymiz95PJpZxu8IlipAp4dtS3wOdgPXx3mqBnslrWU14kxfHB+Py/+2PVKSr37dMAgM2A4uArw=="
    },
    "isarray": {
      "version": "1.0.0",
      "resolved": "https://registry.npmjs.org/isarray/-/isarray-1.0.0.tgz",
      "integrity": "sha1-u5NdSFgsuhaMBoNJV6VKPgcSTxE=",
      "dev": true
    },
    "jmespath": {
      "version": "0.15.0",
      "resolved": "https://registry.npmjs.org/jmespath/-/jmespath-0.15.0.tgz",
      "integrity": "sha1-o/Iiqarp+Wb10nx5ZRDigJF2Qhc=",
      "dev": true
    },
    "jsonfile": {
      "version": "4.0.0",
      "resolved": "https://registry.npmjs.org/jsonfile/-/jsonfile-4.0.0.tgz",
      "integrity": "sha1-h3Gq4HmbZAdrdmQPygWPnBDjPss=",
      "dev": true,
      "requires": {
        "graceful-fs": "^4.1.6"
      }
    },
    "local-crontab": {
      "version": "0.1.8",
      "resolved": "https://registry.npmjs.org/local-crontab/-/local-crontab-0.1.8.tgz",
      "integrity": "sha1-ffX6edW03QicqP/r+Tm0hvJP+DI=",
      "dev": true,
      "requires": {
        "argparse": "^1.0.10",
        "cron-converter": "0.0.12",
        "deep-equal": "^1.0.1",
        "timezone-js": "^0.4.13",
        "tzdata": "^1.0.9"
      }
    },
    "lodash": {
      "version": "4.17.19",
      "resolved": "https://registry.npmjs.org/lodash/-/lodash-4.17.19.tgz",
      "integrity": "sha512-JNvd8XER9GQX0v2qJgsaN/mzFCNA5BRe/j8JN9d+tWyGLSodKQHKFicdwNYzWwI3wjRnaKPsGj1XkBjx/F96DQ==",
      "dev": true
    },
    "make-error": {
      "version": "1.3.5",
      "resolved": "https://registry.npmjs.org/make-error/-/make-error-1.3.5.tgz",
      "integrity": "sha512-c3sIjNUow0+8swNwVpqoH4YCShKNFkMaw6oH1mNS2haDZQqkeZFlHS3dhoeEbKKmJB4vXpJucU6oH75aDYeE9g==",
      "dev": true
    },
    "mime-db": {
      "version": "1.40.0",
      "resolved": "https://registry.npmjs.org/mime-db/-/mime-db-1.40.0.tgz",
      "integrity": "sha512-jYdeOMPy9vnxEqFRRo6ZvTZ8d9oPb+k18PKoYNYUe2stVEBPPwsln/qWzdbmaIvnhZ9v2P+CuecK+fpUfsV2mA=="
    },
    "mime-types": {
      "version": "2.1.24",
      "resolved": "https://registry.npmjs.org/mime-types/-/mime-types-2.1.24.tgz",
      "integrity": "sha512-WaFHS3MCl5fapm3oLxU4eYDw77IQM2ACcxQ9RIxfaC3ooc6PFuBMGZZsYpvoXS5D5QTWPieo1jjLdAm3TBP3cQ==",
      "requires": {
        "mime-db": "1.40.0"
      }
    },
    "minimatch": {
      "version": "3.0.4",
      "resolved": "https://registry.npmjs.org/minimatch/-/minimatch-3.0.4.tgz",
      "integrity": "sha512-yJHVQEhyqPLUTgt9B83PXu6W3rx4MvvHvSUvToogpwoGDOUQ+yDrR0HRot+yOCdCO7u4hX3pWft6kWBBcqh0UA==",
      "dev": true,
      "requires": {
        "brace-expansion": "^1.1.7"
      }
    },
    "moment": {
      "version": "2.24.0",
      "resolved": "https://registry.npmjs.org/moment/-/moment-2.24.0.tgz",
      "integrity": "sha512-bV7f+6l2QigeBBZSM/6yTNq4P2fNpSWj/0e7jQcy87A8e7o2nAfP/34/2ky5Vw4B9S446EtIhodAzkFCcR4dQg=="
    },
    "moment-timezone": {
      "version": "0.5.26",
      "resolved": "https://registry.npmjs.org/moment-timezone/-/moment-timezone-0.5.26.tgz",
      "integrity": "sha512-sFP4cgEKTCymBBKgoxZjYzlSovC20Y6J7y3nanDc5RoBIXKlZhoYwBoZGe3flwU6A372AcRwScH8KiwV6zjy1g==",
      "requires": {
        "moment": ">= 2.9.0"
      }
    },
    "once": {
      "version": "1.4.0",
      "resolved": "https://registry.npmjs.org/once/-/once-1.4.0.tgz",
      "integrity": "sha1-WDsap3WWHUsROsF9nFC6753Xa9E=",
      "dev": true,
      "requires": {
        "wrappy": "1"
      }
    },
    "path-is-absolute": {
      "version": "1.0.1",
      "resolved": "http://registry.npmjs.org/path-is-absolute/-/path-is-absolute-1.0.1.tgz",
      "integrity": "sha1-F0uSaHNVNP+8es5r9TpanhtcX18=",
      "dev": true
    },
    "pify": {
      "version": "3.0.0",
      "resolved": "https://registry.npmjs.org/pify/-/pify-3.0.0.tgz",
      "integrity": "sha1-5aSs0sEB/fPZpNB/DbxNtJ3SgXY=",
      "dev": true
    },
    "punycode": {
      "version": "1.3.2",
      "resolved": "https://registry.npmjs.org/punycode/-/punycode-1.3.2.tgz",
      "integrity": "sha1-llOgNvt8HuQjQvIyXM7v6jkmxI0=",
      "dev": true
    },
    "querystring": {
      "version": "0.2.0",
      "resolved": "https://registry.npmjs.org/querystring/-/querystring-0.2.0.tgz",
      "integrity": "sha1-sgmEkgO7Jd+CDadW50cAWHhSFiA=",
      "dev": true
    },
    "sax": {
      "version": "1.2.1",
      "resolved": "http://registry.npmjs.org/sax/-/sax-1.2.1.tgz",
      "integrity": "sha1-e45lYZCyKOgaZq6nSEgNgozS03o=",
      "dev": true
    },
    "serverless-local-schedule": {
      "version": "0.1.6",
      "resolved": "https://registry.npmjs.org/serverless-local-schedule/-/serverless-local-schedule-0.1.6.tgz",
      "integrity": "sha512-8bYRFk3jjOg1asNo4Fiw//4FQSzMu4AqAFZAFyGruFRakiMdgyNeVPc2cenqpdyVrRSH3mju/VSGfrSlitL85w==",
      "dev": true,
      "requires": {
        "local-crontab": "^0.1.7"
      }
    },
    "serverless-plugin-typescript": {
      "version": "1.1.5",
      "resolved": "https://registry.npmjs.org/serverless-plugin-typescript/-/serverless-plugin-typescript-1.1.5.tgz",
      "integrity": "sha512-vLNf9vtWs+TfXU8dAN+QvoyFFeTFNhS9DvJoz+3WqrMbpfe4kVDR6k222nPsnn0BkZUSACXQJXweS0wfVj88VQ==",
      "dev": true,
      "requires": {
        "fs-extra": "^5.0.0",
        "globby": "^7.0.0",
        "lodash": "^4.17.4",
        "typescript": "^2.2.2"
      }
    },
    "serverless-pseudo-parameters": {
      "version": "2.4.0",
      "resolved": "https://registry.npmjs.org/serverless-pseudo-parameters/-/serverless-pseudo-parameters-2.4.0.tgz",
      "integrity": "sha512-lb9R62PUFdEAbbYH7pe1wzR7vtIpa8YI8OVcQ5LlLyE0+AxWG4bwEw33X5LE8+5oLwTy57Y/EevnxKnMeyiXxw=="
    },
    "slash": {
      "version": "1.0.0",
      "resolved": "https://registry.npmjs.org/slash/-/slash-1.0.0.tgz",
      "integrity": "sha1-xB8vbDn8FtHNF61LXYlhFK5HDVU=",
      "dev": true
    },
    "source-map-support": {
      "version": "0.5.10",
      "resolved": "https://registry.npmjs.org/source-map-support/-/source-map-support-0.5.10.tgz",
      "integrity": "sha512-YfQ3tQFTK/yzlGJuX8pTwa4tifQj4QS2Mj7UegOu8jAz59MqIiMGPXxQhVQiIMNzayuUSF/jEuVnfFF5JqybmQ==",
      "dev": true,
      "requires": {
        "buffer-from": "^1.0.0",
        "source-map": "^0.6.0"
      },
      "dependencies": {
        "source-map": {
          "version": "0.6.1",
          "resolved": "https://registry.npmjs.org/source-map/-/source-map-0.6.1.tgz",
          "integrity": "sha512-UjgapumWlbMhkBgzT7Ykc5YXUT46F0iKu8SGXq0bcwP5dz/h0Plj6enJqjz1Zbq2l5WaqYnrVbwWOWMyF3F47g==",
          "dev": true
        }
      }
    },
    "sprintf-js": {
      "version": "1.0.3",
      "resolved": "https://registry.npmjs.org/sprintf-js/-/sprintf-js-1.0.3.tgz",
      "integrity": "sha1-BOaSb2YolTVPPdAVIDYzuFcpfiw=",
      "dev": true
    },
    "timezone-js": {
      "version": "0.4.13",
      "resolved": "https://registry.npmjs.org/timezone-js/-/timezone-js-0.4.13.tgz",
      "integrity": "sha1-T9CdlRAH1STbANrbdfpbWfnSy6w=",
      "dev": true
    },
    "ts-node": {
      "version": "8.0.2",
      "resolved": "https://registry.npmjs.org/ts-node/-/ts-node-8.0.2.tgz",
      "integrity": "sha512-MosTrinKmaAcWgO8tqMjMJB22h+sp3Rd1i4fdoWY4mhBDekOwIAKI/bzmRi7IcbCmjquccYg2gcF6NBkLgr0Tw==",
      "dev": true,
      "requires": {
        "arg": "^4.1.0",
        "diff": "^3.1.0",
        "make-error": "^1.1.1",
        "source-map-support": "^0.5.6",
        "yn": "^3.0.0"
      }
    },
    "typescript": {
      "version": "2.9.2",
      "resolved": "https://registry.npmjs.org/typescript/-/typescript-2.9.2.tgz",
      "integrity": "sha512-Gr4p6nFNaoufRIY4NMdpQRNmgxVIGMs4Fcu/ujdYk3nAZqk7supzBE9idmvfZIlH/Cuj//dvi+019qEue9lV0w==",
      "dev": true
    },
    "tzdata": {
      "version": "1.0.17",
      "resolved": "https://registry.npmjs.org/tzdata/-/tzdata-1.0.17.tgz",
      "integrity": "sha512-heauV9Wjwl9JMi/Yws/3GCm6Jg0FGa3jff5a4rkPCae5b1WrJobogdso7t2M0ENhj5UxdfIhMLtA+m6b4vMY7g==",
      "dev": true
    },
    "underscore": {
      "version": "1.9.1",
      "resolved": "https://registry.npmjs.org/underscore/-/underscore-1.9.1.tgz",
      "integrity": "sha512-5/4etnCkd9c8gwgowi5/om/mYO5ajCaOgdzj/oW+0eQV9WxKBDZw5+ycmKmeaTXjInS/W0BzpGLo2xR2aBwZdg=="
    },
    "universalify": {
      "version": "0.1.2",
      "resolved": "https://registry.npmjs.org/universalify/-/universalify-0.1.2.tgz",
      "integrity": "sha512-rBJeI5CXAlmy1pV+617WB9J63U6XcazHHF2f2dbJix4XzpUF0RS3Zbj0FGIOCAva5P/d/GBOYaACQ1w+0azUkg==",
      "dev": true
    },
    "url": {
      "version": "0.10.3",
      "resolved": "https://registry.npmjs.org/url/-/url-0.10.3.tgz",
      "integrity": "sha1-Ah5NnHcF8hu/N9A861h2dAJ3TGQ=",
      "dev": true,
      "requires": {
        "punycode": "1.3.2",
        "querystring": "0.2.0"
      }
    },
    "uuid": {
      "version": "3.1.0",
      "resolved": "https://registry.npmjs.org/uuid/-/uuid-3.1.0.tgz",
      "integrity": "sha512-DIWtzUkw04M4k3bf1IcpS2tngXEL26YUD2M0tMDUpnUrz2hgzUBlD55a4FjdLGPvfHxS6uluGWvaVEqgBcVa+g==",
      "dev": true
    },
    "wrappy": {
      "version": "1.0.2",
      "resolved": "https://registry.npmjs.org/wrappy/-/wrappy-1.0.2.tgz",
      "integrity": "sha1-tSQ9jz7BqjXxNkYFvA0QNuMKtp8=",
      "dev": true
    },
    "xml2js": {
      "version": "0.4.19",
      "resolved": "https://registry.npmjs.org/xml2js/-/xml2js-0.4.19.tgz",
      "integrity": "sha512-esZnJZJOiJR9wWKMyuvSE1y6Dq5LCuJanqhxslH2bxM6duahNZ+HMpCLhBQGZkbX6xRf8x1Y2eJlgt2q3qo49Q==",
      "dev": true,
      "requires": {
        "sax": ">=0.6.0",
        "xmlbuilder": "~9.0.1"
      }
    },
    "xmlbuilder": {
      "version": "9.0.7",
      "resolved": "http://registry.npmjs.org/xmlbuilder/-/xmlbuilder-9.0.7.tgz",
      "integrity": "sha1-Ey7mPS7FVlxVfiD0wi35rKaGsQ0=",
      "dev": true
    },
    "yn": {
      "version": "3.0.0",
      "resolved": "https://registry.npmjs.org/yn/-/yn-3.0.0.tgz",
      "integrity": "sha512-+Wo/p5VRfxUgBUGy2j/6KX2mj9AYJWOHuhMjMcbBFc3y54o9/4buK1ksBvuiK01C3kby8DH9lSmJdSxw+4G/2Q==",
      "dev": true
    }
  }
}
